
Microsoft Visual Studio Solution File, Format Version 12.00
# Visual Studio Version 16
VisualStudioVersion = 16.0.32126.315
MinimumVisualStudioVersion = 10.0.40219.1
Project("{FAE04EC0-301F-11D3-BF4B-00C04F79EFBC}") = "Messanger", "Messanger.csproj", "{0FF5EDF6-62B8-4CF6-BCBB-40E96A303B14}"
EndProject
Global
	GlobalSection(SolutionConfigurationPlatforms) = preSolution
		Debug|Any CPU = Debug|Any CPU
		Release|Any CPU = Release|Any CPU
	EndGlobalSection
	GlobalSection(ProjectConfigurationPlatforms) = postSolution
		{0FF5EDF6-62B8-4CF6-BCBB-40E96A303B14}.Debug|Any CPU.ActiveCfg = Debug|Any CPU
		{0FF5EDF6-62B8-4CF6-BCBB-40E96A303B14}.Debug|Any CPU.Build.0 = Debug|Any CPU
		{0FF5EDF6-62B8-4CF6-BCBB-40E96A303B14}.Release|Any CPU.ActiveCfg = Release|Any CPU
		{0FF5EDF6-62B8-4CF6-BCBB-40E96A303B14}.Release|Any CPU.Build.0 = Release|Any CPU
	EndGlobalSection
	GlobalSection(SolutionProperties) = preSolution
		HideSolutionNode = FALSE
	EndGlobalSection
	GlobalSection(ExtensibilityGlobals) = postSolution
		SolutionGuid = {AB6348B9-AC9A-4453-94F2-D1BE59E33B4A}
	EndGlobalSection
EndGlobal
